golang.org/x/mod v0.31.0 h1:HaW9xtz0+kOcWKwli0ZXy79Ix+UW/vOfmWI5QVd2tgI=
golang.org/x/mod v0.31.0/go.mod h1:43JraMp9cGx1Rx3AqioxrbrhNsLl2l/iNAvuBkrezpg=
vimagination.zapto.org/cache v1.0.2 h1:PwIcBFVW26MvZc6m5RvPhy0jSsbtjkqg5qZY+JLTxnY=
vimagination.zapto.org/cache v1.0.2/go.mod h1:YDVluo/gxsyPJJOMEwK3B/VVcInoKR0lZIqhwOPNnYo=
vimagination.zapto.org/gotypes v1.2.1 h1:EqgMV3Y+cQdZhQAsc/VI4FJ4ZACiV/mdVlxFpuYNbbA=
vimagination.zapto.org/gotypes v1.2.1/go.mod h1:l1SWFK4UrKZZjgDGTUnnl3Z1cfcjymCPN3VOIkges9Q=
vimagination.zapto.org/httpreaderat v1.0.1 h1:488QrzC4wKbDtpi/A69lGTA+pOASbvcVkHOxDfObUSw=
vimagination.zapto.org/httpreaderat v1.0.1/go.mod h1:OKJ0p+kAiWeYKDsDd++dqNxfYeAhExQZiOyaRMqxdqs=
